
Microsoft Visual Studio Solution File, Format Version 11.00
# Visual Studio 2010
Project("{FAE04EC0-301F-11D3-BF4B-00C04F79EFBC}") = "FormsAll", "FormsAll.csproj", "{75AFF6F2-2D73-4AFA-BAFD-614679A3690F}"
EndProject
Global
	GlobalSection(SolutionConfigurationPlatforms) = preSolution
		Debug|Any CPU = Debug|Any CPU
		Release|Any CPU = Release|Any CPU
	EndGlobalSection
	GlobalSection(ProjectConfigurationPlatforms) = postSolution
		{75AFF6F2-2D73-4AFA-BAFD-614679A3690F}.Debug|Any CPU.ActiveCfg = Debug|Any CPU
		{75AFF6F2-2D73-4AFA-BAFD-614679A3690F}.Debug|Any CPU.Build.0 = Debug|Any CPU
		{75AFF6F2-2D73-4AFA-BAFD-614679A3690F}.Debug|Any CPU.Deploy.0 = Debug|Any CPU
		{75AFF6F2-2D73-4AFA-BAFD-614679A3690F}.Release|Any CPU.ActiveCfg = Release|Any CPU
		{75AFF6F2-2D73-4AFA-BAFD-614679A3690F}.Release|Any CPU.Build.0 = Release|Any CPU
		{75AFF6F2-2D73-4AFA-BAFD-614679A3690F}.Release|Any CPU.Deploy.0 = Release|Any CPU
	EndGlobalSection
	GlobalSection(SolutionProperties) = preSolution
		HideSolutionNode = FALSE
	EndGlobalSection
EndGlobal
