
Microsoft Visual Studio Solution File, Format Version 11.00
# Visual Studio 2010
Project("{FAE04EC0-301F-11D3-BF4B-00C04F79EFBC}") = "PhoneGapStarter1", "PhoneGapStarter1.csproj", "{7E181651-B5DD-4E4F-A072-7D2C25F3D66B}"
EndProject
Global
	GlobalSection(SolutionConfigurationPlatforms) = preSolution
		Debug|Any CPU = Debug|Any CPU
		Release|Any CPU = Release|Any CPU
	EndGlobalSection
	GlobalSection(ProjectConfigurationPlatforms) = postSolution
		{7E181651-B5DD-4E4F-A072-7D2C25F3D66B}.Debug|Any CPU.ActiveCfg = Debug|Any CPU
		{7E181651-B5DD-4E4F-A072-7D2C25F3D66B}.Debug|Any CPU.Build.0 = Debug|Any CPU
		{7E181651-B5DD-4E4F-A072-7D2C25F3D66B}.Debug|Any CPU.Deploy.0 = Debug|Any CPU
		{7E181651-B5DD-4E4F-A072-7D2C25F3D66B}.Release|Any CPU.ActiveCfg = Release|Any CPU
		{7E181651-B5DD-4E4F-A072-7D2C25F3D66B}.Release|Any CPU.Build.0 = Release|Any CPU
		{7E181651-B5DD-4E4F-A072-7D2C25F3D66B}.Release|Any CPU.Deploy.0 = Release|Any CPU
	EndGlobalSection
	GlobalSection(SolutionProperties) = preSolution
		HideSolutionNode = FALSE
	EndGlobalSection
EndGlobal
